{
  "name": "@stenway/tbl",
  "version": "0.0.1",
  "lockfileVersion": 2,
  "requires": true,
  "packages": {
    "": {
      "name": "@stenway/tbl",
      "version": "0.0.1",
      "license": "MIT",
      "dependencies": {
        "@stenway/reliabletxt": "^0.0.2",
        "@stenway/sml": "^0.0.2"
      },
      "devDependencies": {
        "typescript": "^4.8.4"
      }
    },
    "node_modules/@stenway/reliabletxt": {
      "version": "0.0.2",
      "resolved": "https://registry.npmjs.org/@stenway/reliabletxt/-/reliabletxt-0.0.2.tgz",
      "integrity": "sha512-g8LJMkFSSUnXqAXZ+DgQkZ51kCdwW9rrHK/Lc73OCc2oSUX7WO329JG4PeXM04Czb/k/bvslRxzXqI5ZBNSIng=="
    },
    "node_modules/@stenway/sml": {
      "version": "0.0.2",
      "resolved": "https://registry.npmjs.org/@stenway/sml/-/sml-0.0.2.tgz",
      "integrity": "sha512-Lm+D1G+XQRG2O8GEUuT2bI59SaZJstZzv3oMCSf43alQOpVx9kiKA9i4k7LP611c/dOzAWsHUqKD4Oj/K6WWVw==",
      "dependencies": {
        "@stenway/reliabletxt": "^0.0.2",
        "@stenway/wsv": "^0.0.2"
      }
    },
    "node_modules/@stenway/wsv": {
      "version": "0.0.2",
      "resolved": "https://registry.npmjs.org/@stenway/wsv/-/wsv-0.0.2.tgz",
      "integrity": "sha512-zp8T7EZySVsIgl3vdSw4XzA+9vjK0lomsvdjvPHn0HH5DvlBTNbIZLw5Y+zoAZ8FS5V5lpY/D5ZetZ1wu42htw==",
      "dependencies": {
        "@stenway/reliabletxt": "^0.0.2"
      }
    },
    "node_modules/typescript": {
      "version": "4.8.4",
      "resolved": "https://registry.npmjs.org/typescript/-/typescript-4.8.4.tgz",
      "integrity": "sha512-QCh+85mCy+h0IGff8r5XWzOVSbBO+KfeYrMQh7NJ58QujwcE22u+NUSmUxqF+un70P9GXKxa2HCNiTTMJknyjQ==",
      "dev": true,
      "bin": {
        "tsc": "bin/tsc",
        "tsserver": "bin/tsserver"
      },
      "engines": {
        "node": ">=4.2.0"
      }
    }
  },
  "dependencies": {
    "@stenway/reliabletxt": {
      "version": "0.0.2",
      "resolved": "https://registry.npmjs.org/@stenway/reliabletxt/-/reliabletxt-0.0.2.tgz",
      "integrity": "sha512-g8LJMkFSSUnXqAXZ+DgQkZ51kCdwW9rrHK/Lc73OCc2oSUX7WO329JG4PeXM04Czb/k/bvslRxzXqI5ZBNSIng=="
    },
    "@stenway/sml": {
      "version": "0.0.2",
      "resolved": "https://registry.npmjs.org/@stenway/sml/-/sml-0.0.2.tgz",
      "integrity": "sha512-Lm+D1G+XQRG2O8GEUuT2bI59SaZJstZzv3oMCSf43alQOpVx9kiKA9i4k7LP611c/dOzAWsHUqKD4Oj/K6WWVw==",
      "requires": {
        "@stenway/reliabletxt": "^0.0.2",
        "@stenway/wsv": "^0.0.2"
      }
    },
    "@stenway/wsv": {
      "version": "0.0.2",
      "resolved": "https://registry.npmjs.org/@stenway/wsv/-/wsv-0.0.2.tgz",
      "integrity": "sha512-zp8T7EZySVsIgl3vdSw4XzA+9vjK0lomsvdjvPHn0HH5DvlBTNbIZLw5Y+zoAZ8FS5V5lpY/D5ZetZ1wu42htw==",
      "requires": {
        "@stenway/reliabletxt": "^0.0.2"
      }
    },
    "typescript": {
      "version": "4.8.4",
      "resolved": "https://registry.npmjs.org/typescript/-/typescript-4.8.4.tgz",
      "integrity": "sha512-QCh+85mCy+h0IGff8r5XWzOVSbBO+KfeYrMQh7NJ58QujwcE22u+NUSmUxqF+un70P9GXKxa2HCNiTTMJknyjQ==",
      "dev": true
    }
  }
}
